
Microsoft Visual Studio Solution File, Format Version 12.00
# Visual Studio 15
VisualStudioVersion = 15.0.27428.2043
MinimumVisualStudioVersion = 10.0.40219.1
Project("{9A19103F-16F7-4668-BE54-9A1E7A4F7556}") = "AuctionApp", "AuctionApp\AuctionApp.csproj", "{8A38C4FB-26C7-466B-A99E-6CB17710843F}"
EndProject
Project("{FAE04EC0-301F-11D3-BF4B-00C04F79EFBC}") = "AuctionApp.Repository", "AuctionApp.Repository\AuctionApp.Repository.csproj", "{D487D1F3-39E5-4148-8C3D-CD9589F60B9C}"
EndProject
Project("{9A19103F-16F7-4668-BE54-9A1E7A4F7556}") = "AuctionApp.Core", "AuctionApp.Core\AuctionApp.Core.csproj", "{61E2DD76-4EB1-4792-9EC4-8E4CF39F3E14}"
EndProject
Project("{FAE04EC0-301F-11D3-BF4B-00C04F79EFBC}") = "AuctionApp.Tests", "AuctionApp.Tests\AuctionApp.Tests.csproj", "{0525A643-4D83-42E9-82D0-5284176B27B9}"
EndProject
Global
	GlobalSection(SolutionConfigurationPlatforms) = preSolution
		Debug|Any CPU = Debug|Any CPU
		Release|Any CPU = Release|Any CPU
	EndGlobalSection
	GlobalSection(ProjectConfigurationPlatforms) = postSolution
		{8A38C4FB-26C7-466B-A99E-6CB17710843F}.Debug|Any CPU.ActiveCfg = Debug|Any CPU
		{8A38C4FB-26C7-466B-A99E-6CB17710843F}.Debug|Any CPU.Build.0 = Debug|Any CPU
		{8A38C4FB-26C7-466B-A99E-6CB17710843F}.Release|Any CPU.ActiveCfg = Release|Any CPU
		{8A38C4FB-26C7-466B-A99E-6CB17710843F}.Release|Any CPU.Build.0 = Release|Any CPU
		{D487D1F3-39E5-4148-8C3D-CD9589F60B9C}.Debug|Any CPU.ActiveCfg = Debug|Any CPU
		{D487D1F3-39E5-4148-8C3D-CD9589F60B9C}.Debug|Any CPU.Build.0 = Debug|Any CPU
		{D487D1F3-39E5-4148-8C3D-CD9589F60B9C}.Release|Any CPU.ActiveCfg = Release|Any CPU
		{D487D1F3-39E5-4148-8C3D-CD9589F60B9C}.Release|Any CPU.Build.0 = Release|Any CPU
		{61E2DD76-4EB1-4792-9EC4-8E4CF39F3E14}.Debug|Any CPU.ActiveCfg = Debug|Any CPU
		{61E2DD76-4EB1-4792-9EC4-8E4CF39F3E14}.Debug|Any CPU.Build.0 = Debug|Any CPU
		{61E2DD76-4EB1-4792-9EC4-8E4CF39F3E14}.Release|Any CPU.ActiveCfg = Release|Any CPU
		{61E2DD76-4EB1-4792-9EC4-8E4CF39F3E14}.Release|Any CPU.Build.0 = Release|Any CPU
		{0525A643-4D83-42E9-82D0-5284176B27B9}.Debug|Any CPU.ActiveCfg = Debug|Any CPU
		{0525A643-4D83-42E9-82D0-5284176B27B9}.Debug|Any CPU.Build.0 = Debug|Any CPU
		{0525A643-4D83-42E9-82D0-5284176B27B9}.Release|Any CPU.ActiveCfg = Release|Any CPU
		{0525A643-4D83-42E9-82D0-5284176B27B9}.Release|Any CPU.Build.0 = Release|Any CPU
	EndGlobalSection
	GlobalSection(SolutionProperties) = preSolution
		HideSolutionNode = FALSE
	EndGlobalSection
	GlobalSection(ExtensibilityGlobals) = postSolution
		SolutionGuid = {1E6A0666-61A6-42C5-AF6F-FB94B6404A12}
	EndGlobalSection
EndGlobal
