
Microsoft Visual Studio Solution File, Format Version 12.00
# Visual Studio 15
VisualStudioVersion = 15.0.27703.2042
MinimumVisualStudioVersion = 10.0.40219.1
Project("{FAE04EC0-301F-11D3-BF4B-00C04F79EFBC}") = "AuctionApp.Core", "AuctionApp.Core\AuctionApp.Core.csproj", "{2564BE22-4F68-46C7-9632-C85A15D4F0DD}"
EndProject
Project("{FAE04EC0-301F-11D3-BF4B-00C04F79EFBC}") = "AuctionApp", "AuctionApp\AuctionApp.csproj", "{998F1757-C8CA-4838-AE42-BD2A0F30A4CE}"
EndProject
Global
	GlobalSection(SolutionConfigurationPlatforms) = preSolution
		Debug|Any CPU = Debug|Any CPU
		Release|Any CPU = Release|Any CPU
	EndGlobalSection
	GlobalSection(ProjectConfigurationPlatforms) = postSolution
		{2564BE22-4F68-46C7-9632-C85A15D4F0DD}.Debug|Any CPU.ActiveCfg = Debug|Any CPU
		{2564BE22-4F68-46C7-9632-C85A15D4F0DD}.Debug|Any CPU.Build.0 = Debug|Any CPU
		{2564BE22-4F68-46C7-9632-C85A15D4F0DD}.Release|Any CPU.ActiveCfg = Release|Any CPU
		{2564BE22-4F68-46C7-9632-C85A15D4F0DD}.Release|Any CPU.Build.0 = Release|Any CPU
		{998F1757-C8CA-4838-AE42-BD2A0F30A4CE}.Debug|Any CPU.ActiveCfg = Debug|Any CPU
		{998F1757-C8CA-4838-AE42-BD2A0F30A4CE}.Debug|Any CPU.Build.0 = Debug|Any CPU
		{998F1757-C8CA-4838-AE42-BD2A0F30A4CE}.Release|Any CPU.ActiveCfg = Release|Any CPU
		{998F1757-C8CA-4838-AE42-BD2A0F30A4CE}.Release|Any CPU.Build.0 = Release|Any CPU
	EndGlobalSection
	GlobalSection(SolutionProperties) = preSolution
		HideSolutionNode = FALSE
	EndGlobalSection
	GlobalSection(ExtensibilityGlobals) = postSolution
		SolutionGuid = {E6F104A9-A5AC-4CD4-92E3-35BB546B2430}
	EndGlobalSection
EndGlobal
